
Microsoft Visual Studio Solution File, Format Version 12.00
# Visual Studio Version 17
VisualStudioVersion = 17.8.34330.188
MinimumVisualStudioVersion = 10.0.40219.1
Project("{2150E333-8FDC-42A3-9474-1A3956D46DE8}") = "Api", "Api", "{E1D38B93-8B7E-42EA-820D-3A17EB623EAF}"
EndProject
Project("{2150E333-8FDC-42A3-9474-1A3956D46DE8}") = "Client", "Client", "{08DA10CE-0561-4107-B761-00FC173F549E}"
EndProject
Project("{9A19103F-16F7-4668-BE54-9A1E7A4F7556}") = "WebClient", "Client\WebClient\WebClient.csproj", "{46E61258-E0ED-47AC-BA0E-AB2484874ADA}"
EndProject
Global
	GlobalSection(SolutionConfigurationPlatforms) = preSolution
		Debug|Any CPU = Debug|Any CPU
		Release|Any CPU = Release|Any CPU
	EndGlobalSection
	GlobalSection(ProjectConfigurationPlatforms) = postSolution
		{46E61258-E0ED-47AC-BA0E-AB2484874ADA}.Debug|Any CPU.ActiveCfg = Debug|Any CPU
		{46E61258-E0ED-47AC-BA0E-AB2484874ADA}.Debug|Any CPU.Build.0 = Debug|Any CPU
		{46E61258-E0ED-47AC-BA0E-AB2484874ADA}.Release|Any CPU.ActiveCfg = Release|Any CPU
		{46E61258-E0ED-47AC-BA0E-AB2484874ADA}.Release|Any CPU.Build.0 = Release|Any CPU
	EndGlobalSection
	GlobalSection(SolutionProperties) = preSolution
		HideSolutionNode = FALSE
	EndGlobalSection
	GlobalSection(NestedProjects) = preSolution
		{46E61258-E0ED-47AC-BA0E-AB2484874ADA} = {08DA10CE-0561-4107-B761-00FC173F549E}
	EndGlobalSection
	GlobalSection(ExtensibilityGlobals) = postSolution
		SolutionGuid = {CF13B86A-BF10-4E18-938B-485452B331C6}
	EndGlobalSection
EndGlobal
